// !$*UTF8*$!
{
	archiveVersion = 1;
	classes = {
	};
	objectVersion = 46;
	objects = {

/* Begin PBXBuildFile section */
		D1115EEF1938FD1D00D41C84 /* Foundation.framework in Frameworks */ = {isa = PBXBuildFile; fileRef = D1115EEE1938FD1D00D41C84 /* Foundation.framework */; };
		D1115EF11938FD1D00D41C84 /* CoreGraphics.framework in Frameworks */ = {isa = PBXBuildFile; fileRef = D1115EF01938FD1D00D41C84 /* CoreGraphics.framework */; };
		D1115EF31938FD1D00D41C84 /* UIKit.framework in Frameworks */ = {isa = PBXBuildFile; fileRef = D1115EF21938FD1D00D41C84 /* UIKit.framework */; };
		D1115EF91938FD1D00D41C84 /* InfoPlist.strings in Resources */ = {isa = PBXBuildFile; fileRef = D1115EF71938FD1D00D41C84 /* InfoPlist.strings */; };
		D1115EFB1938FD1D00D41C84 /* main.m in Sources */ = {isa = PBXBuildFile; fileRef = D1115EFA1938FD1D00D41C84 /* main.m */; };
		D1115EFF1938FD1D00D41C84 /* BNRAppDelegate.m in Sources */ = {isa = PBXBuildFile; fileRef = D1115EFE1938FD1D00D41C84 /* BNRAppDelegate.m */; };
		D1115F011938FD1D00D41C84 /* Images.xcassets in Resources */ = {isa = PBXBuildFile; fileRef = D1115F001938FD1D00D41C84 /* Images.xcassets */; };
		D1115F081938FD1D00D41C84 /* XCTest.framework in Frameworks */ = {isa = PBXBuildFile; fileRef = D1115F071938FD1D00D41C84 /* XCTest.framework */; };
		D1115F091938FD1D00D41C84 /* Foundation.framework in Frameworks */ = {isa = PBXBuildFile; fileRef = D1115EEE1938FD1D00D41C84 /* Foundation.framework */; };
		D1115F0A1938FD1D00D41C84 /* UIKit.framework in Frameworks */ = {isa = PBXBuildFile; fileRef = D1115EF21938FD1D00D41C84 /* UIKit.framework */; };
		D1115F121938FD1D00D41C84 /* InfoPlist.strings in Resources */ = {isa = PBXBuildFile; fileRef = D1115F101938FD1D00D41C84 /* InfoPlist.strings */; };
		D1115F141938FD1D00D41C84 /* QuizAppTests.m in Sources */ = {isa = PBXBuildFile; fileRef = D1115F131938FD1D00D41C84 /* QuizAppTests.m */; };
/* End PBXBuildFile section */

/* Begin PBXContainerItemProxy section */
		D1115F0B1938FD1D00D41C84 /* PBXContainerItemProxy */ = {
			isa = PBXContainerItemProxy;
			containerPortal = D1115EE31938FD1D00D41C84 /* Project object */;
			proxyType = 1;
			remoteGlobalIDString = D1115EEA1938FD1D00D41C84;
			remoteInfo = QuizApp;
		};
/* End PBXContainerItemProxy section */

/* Begin PBXFileReference section */
		D1115EEB1938FD1D00D41C84 /* QuizApp.app */ = {isa = PBXFileReference; explicitFileType = wrapper.application; includeInIndex = 0; path = QuizApp.app; sourceTree = BUILT_PRODUCTS_DIR; };
		D1115EEE1938FD1D00D41C84 /* Foundation.framework */ = {isa = PBXFileReference; lastKnownFileType = wrapper.framework; name = Foundation.framework; path = System/Library/Frameworks/Foundation.framework; sourceTree = SDKROOT; };
		D1115EF01938FD1D00D41C84 /* CoreGraphics.framework */ = {isa = PBXFileReference; lastKnownFileType = wrapper.framework; name = CoreGraphics.framework; path = System/Library/Frameworks/CoreGraphics.framework; sourceTree = SDKROOT; };
		D1115EF21938FD1D00D41C84 /* UIKit.framework */ = {isa = PBXFileReference; lastKnownFileType = wrapper.framework; name = UIKit.framework; path = System/Library/Frameworks/UIKit.framework; sourceTree = SDKROOT; };
		D1115EF61938FD1D00D41C84 /* QuizApp-Info.plist */ = {isa = PBXFileReference; lastKnownFileType = text.plist.xml; path = "QuizApp-Info.plist"; sourceTree = "<group>"; };
		D1115EF81938FD1D00D41C84 /* en */ = {isa = PBXFileReference; lastKnownFileType = text.plist.strings; name = en; path = en.lproj/InfoPlist.strings; sourceTree = "<group>"; };
		D1115EFA1938FD1D00D41C84 /* main.m */ = {isa = PBXFileReference; lastKnownFileType = sourcecode.c.objc; path = main.m; sourceTree = "<group>"; };
		D1115EFC1938FD1D00D41C84 /* QuizApp-Prefix.pch */ = {isa = PBXFileReference; lastKnownFileType = sourcecode.c.h; path = "QuizApp-Prefix.pch"; sourceTree = "<group>"; };
		D1115EFD1938FD1D00D41C84 /* BNRAppDelegate.h */ = {isa = PBXFileReference; lastKnownFileType = sourcecode.c.h; path = BNRAppDelegate.h; sourceTree = "<group>"; };
		D1115EFE1938FD1D00D41C84 /* BNRAppDelegate.m */ = {isa = PBXFileReference; lastKnownFileType = sourcecode.c.objc; path = BNRAppDelegate.m; sourceTree = "<group>"; };
		D1115F001938FD1D00D41C84 /* Images.xcassets */ = {isa = PBXFileReference; lastKnownFileType = folder.assetcatalog; path = Images.xcassets; sourceTree = "<group>"; };
		D1115F061938FD1D00D41C84 /* QuizAppTests.xctest */ = {isa = PBXFileReference; explicitFileType = wrapper.cfbundle; includeInIndex = 0; path = QuizAppTests.xctest; sourceTree = BUILT_PRODUCTS_DIR; };
		D1115F071938FD1D00D41C84 /* XCTest.framework */ = {isa = PBXFileReference; lastKnownFileType = wrapper.framework; name = XCTest.framework; path = Library/Frameworks/XCTest.framework; sourceTree = DEVELOPER_DIR; };
		D1115F0F1938FD1D00D41C84 /* QuizAppTests-Info.plist */ = {isa = PBXFileReference; lastKnownFileType = text.plist.xml; path = "QuizAppTests-Info.plist"; sourceTree = "<group>"; };
		D1115F111938FD1D00D41C84 /* en */ = {isa = PBXFileReference; lastKnownFileType = text.plist.strings; name = en; path = en.lproj/InfoPlist.strings; sourceTree = "<group>"; };
		D1115F131938FD1D00D41C84 /* QuizAppTests.m */ = {isa = PBXFileReference; lastKnownFileType = sourcecode.c.objc; path = QuizAppTests.m; sourceTree = "<group>"; };
/* End PBXFileReference section */

/* Begin PBXFrameworksBuildPhase section */
		D1115EE81938FD1D00D41C84 /* Frameworks */ = {
			isa = PBXFrameworksBuildPhase;
			buildActionMask = 2147483647;
			files = (
				D1115EF11938FD1D00D41C84 /* CoreGraphics.framework in Frameworks */,
				D1115EF31938FD1D00D41C84 /* UIKit.framework in Frameworks */,
				D1115EEF1938FD1D00D41C84 /* Foundation.framework in Frameworks */,
			);
			runOnlyForDeploymentPostprocessing = 0;
		};
		D1115F031938FD1D00D41C84 /* Frameworks */ = {
			isa = PBXFrameworksBuildPhase;
			buildActionMask = 2147483647;
			files = (
				D1115F081938FD1D00D41C84 /* XCTest.framework in Frameworks */,
				D1115F0A1938FD1D00D41C84 /* UIKit.framework in Frameworks */,
				D1115F091938FD1D00D41C84 /* Foundation.framework in Frameworks */,
			);
			runOnlyForDeploymentPostprocessing = 0;
		};
/* End PBXFrameworksBuildPhase section */

/* Begin PBXGroup section */
		D1115EE21938FD1D00D41C84 = {
			isa = PBXGroup;
			children = (
				D1115EF41938FD1D00D41C84 /* QuizApp */,
				D1115F0D1938FD1D00D41C84 /* QuizAppTests */,
				D1115EED1938FD1D00D41C84 /* Frameworks */,
				D1115EEC1938FD1D00D41C84 /* Products */,
			);
			sourceTree = "<group>";
		};
		D1115EEC1938FD1D00D41C84 /* Products */ = {
			isa = PBXGroup;
			children = (
				D1115EEB1938FD1D00D41C84 /* QuizApp.app */,
				D1115F061938FD1D00D41C84 /* QuizAppTests.xctest */,
			);
			name = Products;
			sourceTree = "<group>";
		};
		D1115EED1938FD1D00D41C84 /* Frameworks */ = {
			isa = PBXGroup;
			children = (
				D1115EEE1938FD1D00D41C84 /* Foundation.framework */,
				D1115EF01938FD1D00D41C84 /* CoreGraphics.framework */,
				D1115EF21938FD1D00D41C84 /* UIKit.framework */,
				D1115F071938FD1D00D41C84 /* XCTest.framework */,
			);
			name = Frameworks;
			sourceTree = "<group>";
		};
		D1115EF41938FD1D00D41C84 /* QuizApp */ = {
			isa = PBXGroup;
			children = (
				D1115EFD1938FD1D00D41C84 /* BNRAppDelegate.h */,
				D1115EFE1938FD1D00D41C84 /* BNRAppDelegate.m */,
				D1115F001938FD1D00D41C84 /* Images.xcassets */,
				D1115EF51938FD1D00D41C84 /* Supporting Files */,
			);
			path = QuizApp;
			sourceTree = "<group>";
		};
		D1115EF51938FD1D00D41C84 /* Supporting Files */ = {
			isa = PBXGroup;
			children = (
				D1115EF61938FD1D00D41C84 /* QuizApp-Info.plist */,
				D1115EF71938FD1D00D41C84 /* InfoPlist.strings */,
				D1115EFA1938FD1D00D41C84 /* main.m */,
				D1115EFC1938FD1D00D41C84 /* QuizApp-Prefix.pch */,
			);
			name = "Supporting Files";
			sourceTree = "<group>";
		};
		D1115F0D1938FD1D00D41C84 /* QuizAppTests */ = {
			isa = PBXGroup;
			children = (
				D1115F131938FD1D00D41C84 /* QuizAppTests.m */,
				D1115F0E1938FD1D00D41C84 /* Supporting Files */,
			);
			path = QuizAppTests;
			sourceTree = "<group>";
		};
		D1115F0E1938FD1D00D41C84 /* Supporting Files */ = {
			isa = PBXGroup;
			children = (
				D1115F0F1938FD1D00D41C84 /* QuizAppTests-Info.plist */,
				D1115F101938FD1D00D41C84 /* InfoPlist.strings */,
			);
			name = "Supporting Files";
			sourceTree = "<group>";
		};
/* End PBXGroup section */

/* Begin PBXNativeTarget section */
		D1115EEA1938FD1D00D41C84 /* QuizApp */ = {
			isa = PBXNativeTarget;
			buildConfigurationList = D1115F171938FD1D00D41C84 /* Build configuration list for PBXNativeTarget "QuizApp" */;
			buildPhases = (
				D1115EE71938FD1D00D41C84 /* Sources */,
				D1115EE81938FD1D00D41C84 /* Frameworks */,
				D1115EE91938FD1D00D41C84 /* Resources */,
			);
			buildRules = (
			);
			dependencies = (
			);
			name = QuizApp;
			productName = QuizApp;
			productReference = D1115EEB1938FD1D00D41C84 /* QuizApp.app */;
			productType = "com.apple.product-type.application";
		};
		D1115F051938FD1D00D41C84 /* QuizAppTests */ = {
			isa = PBXNativeTarget;
			buildConfigurationList = D1115F1A1938FD1D00D41C84 /* Build configuration list for PBXNativeTarget "QuizAppTests" */;
			buildPhases = (
				D1115F021938FD1D00D41C84 /* Sources */,
				D1115F031938FD1D00D41C84 /* Frameworks */,
				D1115F041938FD1D00D41C84 /* Resources */,
			);
			buildRules = (
			);
			dependencies = (
				D1115F0C1938FD1D00D41C84 /* PBXTargetDependency */,
			);
			name = QuizAppTests;
			productName = QuizAppTests;
			productReference = D1115F061938FD1D00D41C84 /* QuizAppTests.xctest */;
			productType = "com.apple.product-type.bundle.unit-test";
		};
/* End PBXNativeTarget section */

/* Begin PBXProject section */
		D1115EE31938FD1D00D41C84 /* Project object */ = {
			isa = PBXProject;
			attributes = {
				CLASSPREFIX = BNR;
				LastUpgradeCheck = 0510;
				ORGANIZATIONNAME = "Shruti Gupta";
				TargetAttributes = {
					D1115F051938FD1D00D41C84 = {
						TestTargetID = D1115EEA1938FD1D00D41C84;
					};
				};
			};
			buildConfigurationList = D1115EE61938FD1D00D41C84 /* Build configuration list for PBXProject "QuizApp" */;
			compatibilityVersion = "Xcode 3.2";
			developmentRegion = English;
			hasScannedForEncodings = 0;
			knownRegions = (
				en,
			);
			mainGroup = D1115EE21938FD1D00D41C84;
			productRefGroup = D1115EEC1938FD1D00D41C84 /* Products */;
			projectDirPath = "";
			projectRoot = "";
			targets = (
				D1115EEA1938FD1D00D41C84 /* QuizApp */,
				D1115F051938FD1D00D41C84 /* QuizAppTests */,
			);
		};
/* End PBXProject section */

/* Begin PBXResourcesBuildPhase section */
		D1115EE91938FD1D00D41C84 /* Resources */ = {
			isa = PBXResourcesBuildPhase;
			buildActionMask = 2147483647;
			files = (
				D1115EF91938FD1D00D41C84 /* InfoPlist.strings in Resources */,
				D1115F011938FD1D00D41C84 /* Images.xcassets in Resources */,
			);
			runOnlyForDeploymentPostprocessing = 0;
		};
		D1115F041938FD1D00D41C84 /* Resources */ = {
			isa = PBXResourcesBuildPhase;
			buildActionMask = 2147483647;
			files = (
				D1115F121938FD1D00D41C84 /* InfoPlist.strings in Resources */,
			);
			runOnlyForDeploymentPostprocessing = 0;
		};
/* End PBXResourcesBuildPhase section */

/* Begin PBXSourcesBuildPhase section */
		D1115EE71938FD1D00D41C84 /* Sources */ = {
			isa = PBXSourcesBuildPhase;
			buildActionMask = 2147483647;
			files = (
				D1115EFB1938FD1D00D41C84 /* main.m in Sources */,
				D1115EFF1938FD1D00D41C84 /* BNRAppDelegate.m in Sources */,
			);
			runOnlyForDeploymentPostprocessing = 0;
		};
		D1115F021938FD1D00D41C84 /* Sources */ = {
			isa = PBXSourcesBuildPhase;
			buildActionMask = 2147483647;
			files = (
				D1115F141938FD1D00D41C84 /* QuizAppTests.m in Sources */,
			);
			runOnlyForDeploymentPostprocessing = 0;
		};
/* End PBXSourcesBuildPhase section */

/* Begin PBXTargetDependency section */
		D1115F0C1938FD1D00D41C84 /* PBXTargetDependency */ = {
			isa = PBXTargetDependency;
			target = D1115EEA1938FD1D00D41C84 /* QuizApp */;
			targetProxy = D1115F0B1938FD1D00D41C84 /* PBXContainerItemProxy */;
		};
/* End PBXTargetDependency section */

/* Begin PBXVariantGroup section */
		D1115EF71938FD1D00D41C84 /* InfoPlist.strings */ = {
			isa = PBXVariantGroup;
			children = (
				D1115EF81938FD1D00D41C84 /* en */,
			);
			name = InfoPlist.strings;
			sourceTree = "<group>";
		};
		D1115F101938FD1D00D41C84 /* InfoPlist.strings */ = {
			isa = PBXVariantGroup;
			children = (
				D1115F111938FD1D00D41C84 /* en */,
			);
			name = InfoPlist.strings;
			sourceTree = "<group>";
		};
/* End PBXVariantGroup section */

/* Begin XCBuildConfiguration section */
		D1115F151938FD1D00D41C84 /* Debug */ = {
			isa = XCBuildConfiguration;
			buildSettings = {
				ALWAYS_SEARCH_USER_PATHS = NO;
				CLANG_CXX_LANGUAGE_STANDARD = "gnu++0x";
				CLANG_CXX_LIBRARY = "libc++";
				CLANG_ENABLE_MODULES = YES;
				CLANG_ENABLE_OBJC_ARC = YES;
				CLANG_WARN_BOOL_CONVERSION = YES;
				CLANG_WARN_CONSTANT_CONVERSION = YES;
				CLANG_WARN_DIRECT_OBJC_ISA_USAGE = YES_ERROR;
				CLANG_WARN_EMPTY_BODY = YES;
				CLANG_WARN_ENUM_CONVERSION = YES;
				CLANG_WARN_INT_CONVERSION = YES;
				CLANG_WARN_OBJC_ROOT_CLASS = YES_ERROR;
				CLANG_WARN__DUPLICATE_METHOD_MATCH = YES;
				"CODE_SIGN_IDENTITY[sdk=iphoneos*]" = "iPhone Developer";
				COPY_PHASE_STRIP = NO;
				GCC_C_LANGUAGE_STANDARD = gnu99;
				GCC_DYNAMIC_NO_PIC = NO;
				GCC_OPTIMIZATION_LEVEL = 0;
				GCC_PREPROCESSOR_DEFINITIONS = (
					"DEBUG=1",
					"$(inherited)",
				);
				GCC_SYMBOLS_PRIVATE_EXTERN = NO;
				GCC_WARN_64_TO_32_BIT_CONVERSION = YES;
				GCC_WARN_ABOUT_RETURN_TYPE = YES_ERROR;
				GCC_WARN_UNDECLARED_SELECTOR = YES;
				GCC_WARN_UNINITIALIZED_AUTOS = YES_AGGRESSIVE;
				GCC_WARN_UNUSED_FUNCTION = YES;
				GCC_WARN_UNUSED_VARIABLE = YES;
				IPHONEOS_DEPLOYMENT_TARGET = 7.1;
				ONLY_ACTIVE_ARCH = YES;
				SDKROOT = iphoneos;
			};
			name = Debug;
		};
		D1115F161938FD1D00D41C84 /* Release */ = {
			isa = XCBuildConfiguration;
			buildSettings = {
				ALWAYS_SEARCH_USER_PATHS = NO;
				CLANG_CXX_LANGUAGE_STANDARD = "gnu++0x";
				CLANG_CXX_LIBRARY = "libc++";
				CLANG_ENABLE_MODULES = YES;
				CLANG_ENABLE_OBJC_ARC = YES;
				CLANG_WARN_BOOL_CONVERSION = YES;
				CLANG_WARN_CONSTANT_CONVERSION = YES;
				CLANG_WARN_DIRECT_OBJC_ISA_USAGE = YES_ERROR;
				CLANG_WARN_EMPTY_BODY = YES;
				CLANG_WARN_ENUM_CONVERSION = YES;
				CLANG_WARN_INT_CONVERSION = YES;
				CLANG_WARN_OBJC_ROOT_CLASS = YES_ERROR;
				CLANG_WARN__DUPLICATE_METHOD_MATCH = YES;
				"CODE_SIGN_IDENTITY[sdk=iphoneos*]" = "iPhone Developer";
				COPY_PHASE_STRIP = YES;
				ENABLE_NS_ASSERTIONS = NO;
				GCC_C_LANGUAGE_STANDARD = gnu99;
				GCC_WARN_64_TO_32_BIT_CONVERSION = YES;
				GCC_WARN_ABOUT_RETURN_TYPE = YES_ERROR;
				GCC_WARN_UNDECLARED_SELECTOR = YES;
				GCC_WARN_UNINITIALIZED_AUTOS = YES_AGGRESSIVE;
				GCC_WARN_UNUSED_FUNCTION = YES;
				GCC_WARN_UNUSED_VARIABLE = YES;
				IPHONEOS_DEPLOYMENT_TARGET = 7.1;
				SDKROOT = iphoneos;
				VALIDATE_PRODUCT = YES;
			};
			name = Release;
		};
		D1115F181938FD1D00D41C84 /* Debug */ = {
			isa = XCBuildConfiguration;
			buildSettings = {
				ASSETCATALOG_COMPILER_APPICON_NAME = AppIcon;
				ASSETCATALOG_COMPILER_LAUNCHIMAGE_NAME = LaunchImage;
				GCC_PRECOMPILE_PREFIX_HEADER = YES;
				GCC_PREFIX_HEADER = "QuizApp/QuizApp-Prefix.pch";
				INFOPLIST_FILE = "QuizApp/QuizApp-Info.plist";
				PRODUCT_NAME = "$(TARGET_NAME)";
				WRAPPER_EXTENSION = app;
			};
			name = Debug;
		};
		D1115F191938FD1D00D41C84 /* Release */ = {
			isa = XCBuildConfiguration;
			buildSettings = {
				ASSETCATALOG_COMPILER_APPICON_NAME = AppIcon;
				ASSETCATALOG_COMPILER_LAUNCHIMAGE_NAME = LaunchImage;
				GCC_PRECOMPILE_PREFIX_HEADER = YES;
				GCC_PREFIX_HEADER = "QuizApp/QuizApp-Prefix.pch";
				INFOPLIST_FILE = "QuizApp/QuizApp-Info.plist";
				PRODUCT_NAME = "$(TARGET_NAME)";
				WRAPPER_EXTENSION = app;
			};
			name = Release;
		};
		D1115F1B1938FD1D00D41C84 /* Debug */ = {
			isa = XCBuildConfiguration;
			buildSettings = {
				BUNDLE_LOADER = "$(BUILT_PRODUCTS_DIR)/QuizApp.app/QuizApp";
				FRAMEWORK_SEARCH_PATHS = (
					"$(SDKROOT)/Developer/Library/Frameworks",
					"$(inherited)",
					"$(DEVELOPER_FRAMEWORKS_DIR)",
				);
				GCC_PRECOMPILE_PREFIX_HEADER = YES;
				GCC_PREFIX_HEADER = "QuizApp/QuizApp-Prefix.pch";
				GCC_PREPROCESSOR_DEFINITIONS = (
					"DEBUG=1",
					"$(inherited)",
				);
				INFOPLIST_FILE = "QuizAppTests/QuizAppTests-Info.plist";
				PRODUCT_NAME = "$(TARGET_NAME)";
				TEST_HOST = "$(BUNDLE_LOADER)";
				WRAPPER_EXTENSION = xctest;
			};
			name = Debug;
		};
		D1115F1C1938FD1D00D41C84 /* Release */ = {
			isa = XCBuildConfiguration;
			buildSettings = {
				BUNDLE_LOADER = "$(BUILT_PRODUCTS_DIR)/QuizApp.app/QuizApp";
				FRAMEWORK_SEARCH_PATHS = (
					"$(SDKROOT)/Developer/Library/Frameworks",
					"$(inherited)",
					"$(DEVELOPER_FRAMEWORKS_DIR)",
				);
				GCC_PRECOMPILE_PREFIX_HEADER = YES;
				GCC_PREFIX_HEADER = "QuizApp/QuizApp-Prefix.pch";
				INFOPLIST_FILE = "QuizAppTests/QuizAppTests-Info.plist";
				PRODUCT_NAME = "$(TARGET_NAME)";
				TEST_HOST = "$(BUNDLE_LOADER)";
				WRAPPER_EXTENSION = xctest;
			};
			name = Release;
		};
/* End XCBuildConfiguration section */

/* Begin XCConfigurationList section */
		D1115EE61938FD1D00D41C84 /* Build configuration list for PBXProject "QuizApp" */ = {
			isa = XCConfigurationList;
			buildConfigurations = (
				D1115F151938FD1D00D41C84 /* Debug */,
				D1115F161938FD1D00D41C84 /* Release */,
			);
			defaultConfigurationIsVisible = 0;
			defaultConfigurationName = Release;
		};
		D1115F171938FD1D00D41C84 /* Build configuration list for PBXNativeTarget "QuizApp" */ = {
			isa = XCConfigurationList;
			buildConfigurations = (
				D1115F181938FD1D00D41C84 /* Debug */,
				D1115F191938FD1D00D41C84 /* Release */,
			);
			defaultConfigurationIsVisible = 0;
		};
		D1115F1A1938FD1D00D41C84 /* Build configuration list for PBXNativeTarget "QuizAppTests" */ = {
			isa = XCConfigurationList;
			buildConfigurations = (
				D1115F1B1938FD1D00D41C84 /* Debug */,
				D1115F1C1938FD1D00D41C84 /* Release */,
			);
			defaultConfigurationIsVisible = 0;
		};
/* End XCConfigurationList section */
	};
	rootObject = D1115EE31938FD1D00D41C84 /* Project object */;
}
